{
  "requires": true,
  "lockfileVersion": 1,
  "dependencies": {
    "@types/facebook-js-sdk": {
      "version": "3.2.1",
      "resolved": "https://registry.npmjs.org/@types/facebook-js-sdk/-/facebook-js-sdk-3.2.1.tgz",
      "integrity": "sha512-qtEgePYXvOisztYL79mkhEaawhlAAQLeg9bmsM616HDhqv2Tag1XQv8cTwTVLvKZ6TmBcBiqI5wiMljpzEfZgg==",
      "dev": true
    }
  }
}
